<?xml version="1.0" encoding="utf-8"?>
<Project ToolsVersion="4.0" xmlns="http://schemas.microsoft.com/developer/msbuild/2003">
  <ItemGroup>
    <Filter Include="リソース ファイル">
      <UniqueIdentifier>{67DA6AB6-F800-4c08-8B7A-83BB121AAD01}</UniqueIdentifier>
      <Extensions>rc;ico;cur;bmp;dlg;rc2;rct;bin;rgs;gif;jpg;jpeg;jpe;resx;tiff;tif;png;wav;mfcribbon-ms</Extensions>
    </Filter>
    <Filter Include="program">
      <UniqueIdentifier>{884ce5fe-c184-4353-82a5-af23c1629c96}</UniqueIdentifier>
    </Filter>
    <Filter Include="program\game">
      <UniqueIdentifier>{73faf93d-726b-44ae-bc7b-9fef24c1ee4f}</UniqueIdentifier>
    </Filter>
    <Filter Include="program\system">
      <UniqueIdentifier>{8a788238-9649-41be-826e-7c3f8f8bc90c}</UniqueIdentifier>
    </Filter>
    <Filter Include="program\support">
      <UniqueIdentifier>{0108f1bb-377d-4da1-b029-44f524a210b0}</UniqueIdentifier>
    </Filter>
    <Filter Include="program\library">
      <UniqueIdentifier>{7c942d65-0a18-4117-88ae-e80f1655e00f}</UniqueIdentifier>
    </Filter>
    <Filter Include="program\game\my_system">
      <UniqueIdentifier>{69463416-310e-463b-8ae6-4730e2af7ae4}</UniqueIdentifier>
    </Filter>
    <Filter Include="program\game\my_scene">
      <UniqueIdentifier>{94bd9a85-bc30-4145-913d-99e5e55ff066}</UniqueIdentifier>
    </Filter>
    <Filter Include="program\game\my_main">
      <UniqueIdentifier>{48f1d9b1-cd58-4a99-a8ff-66f158fd331d}</UniqueIdentifier>
    </Filter>
    <Filter Include="program\game\TPRlib">
      <UniqueIdentifier>{e046a0e9-aeb1-4b8f-9ff4-6f85ad4f389b}</UniqueIdentifier>
    </Filter>
    <Filter Include="program\game\my_skill">
      <UniqueIdentifier>{7d978c85-7564-4293-a839-b9f93763e48e}</UniqueIdentifier>
    </Filter>
  </ItemGroup>
  <ItemGroup>
    <ClCompile Include="program\support\FrameRateController.cpp">
      <Filter>program\support</Filter>
    </ClCompile>
    <ClCompile Include="program\system\sys_main.cpp">
      <Filter>program\system</Filter>
    </ClCompile>
    <ClCompile Include="program\library\font.cpp">
      <Filter>program\library</Filter>
    </ClCompile>
    <ClCompile Include="program\library\transform.cpp">
      <Filter>program\library</Filter>
    </ClCompile>
    <ClCompile Include="program\library\util.cpp">
      <Filter>program\library</Filter>
    </ClCompile>
    <ClCompile Include="program\library\input.cpp">
      <Filter>program\library</Filter>
    </ClCompile>
    <ClCompile Include="program\library\texture.cpp">
      <Filter>program\library</Filter>
    </ClCompile>
    <ClCompile Include="program\library\matrix.cpp">
      <Filter>program\library</Filter>
    </ClCompile>
    <ClCompile Include="program\library\quaternion.cpp">
      <Filter>program\library</Filter>
    </ClCompile>
    <ClCompile Include="program\library\vector.cpp">
      <Filter>program\library</Filter>
    </ClCompile>
    <ClCompile Include="program\library\intersect.cpp">
      <Filter>program\library</Filter>
    </ClCompile>
    <ClCompile Include="program\game\game_main.cpp">
      <Filter>program\game</Filter>
    </ClCompile>
    <ClCompile Include="program\support\dx_lib_ext.cpp">
      <Filter>program\support</Filter>
    </ClCompile>
    <ClCompile Include="program\library\math.cpp">
      <Filter>program\library</Filter>
    </ClCompile>
    <ClCompile Include="program\library\bounding.cpp">
      <Filter>program\library</Filter>
    </ClCompile>
    <ClCompile Include="program\library\shape.cpp">
      <Filter>program\library</Filter>
    </ClCompile>
    <ClCompile Include="program\game\Bullet.cpp">
      <Filter>program\game\my_main</Filter>
    </ClCompile>
    <ClCompile Include="program\game\Enemy.cpp">
      <Filter>program\game\my_main</Filter>
    </ClCompile>
    <ClCompile Include="program\game\Player.cpp">
      <Filter>program\game\my_main</Filter>
    </ClCompile>
    <ClCompile Include="program\game\PlayScene.cpp">
      <Filter>program\game\my_scene</Filter>
    </ClCompile>
    <ClCompile Include="program\game\TitleScene.cpp">
      <Filter>program\game\my_scene</Filter>
    </ClCompile>
    <ClCompile Include="program\game\MenuScene.cpp">
      <Filter>program\game\my_scene</Filter>
    </ClCompile>
    <ClCompile Include="program\game\GameManager.cpp">
      <Filter>program\game\my_system</Filter>
    </ClCompile>
    <ClCompile Include="program\game\ResultScene.cpp">
      <Filter>program\game\my_scene</Filter>
    </ClCompile>
    <ClCompile Include="program\game\Square.cpp">
      <Filter>program\game\my_main</Filter>
    </ClCompile>
    <ClCompile Include="program\game\Camera.cpp">
      <Filter>program\game\my_system</Filter>
    </ClCompile>
    <ClCompile Include="program\game\Scroll.cpp">
      <Filter>program\game\my_skill</Filter>
    </ClCompile>
    <ClCompile Include="program\game\KAGINAWA.cpp">
      <Filter>program\game\my_skill</Filter>
    </ClCompile>
    <ClCompile Include="program\game\NINTOU.cpp">
      <Filter>program\game\my_skill</Filter>
    </ClCompile>
    <ClCompile Include="program\game\TORINOKO.cpp">
      <Filter>program\game\my_skill</Filter>
    </ClCompile>
    <ClCompile Include="program\game\KAKUREMI.cpp">
      <Filter>program\game\my_skill</Filter>
    </ClCompile>
    <ClCompile Include="program\game\KUNAI.cpp">
      <Filter>program\game\my_skill</Filter>
    </ClCompile>
    <ClCompile Include="program\game\BLINK.cpp">
      <Filter>program\game\my_skill</Filter>
    </ClCompile>
    <ClCompile Include="program\game\SHOTGUN.cpp">
      <Filter>program\game\my_skill</Filter>
    </ClCompile>
    <ClCompile Include="program\game\MAKIBISI.cpp">
      <Filter>program\game\my_skill</Filter>
    </ClCompile>
    <ClCompile Include="program\game\TEPPO.cpp">
      <Filter>program\game\my_skill</Filter>
    </ClCompile>
    <ClCompile Include="program\game\Skill.cpp">
      <Filter>program\game\my_skill</Filter>
    </ClCompile>
    <ClCompile Include="program\game\TPRlib\Quadrilateral.cpp">
      <Filter>program\game\TPRlib</Filter>
    </ClCompile>
    <ClCompile Include="program\game\TPRlib\Rotation.cpp">
      <Filter>program\game\TPRlib</Filter>
    </ClCompile>
    <ClCompile Include="program\game\TPRlib\Vector2.cpp">
      <Filter>program\game\TPRlib</Filter>
    </ClCompile>
    <ClCompile Include="program\game\TPRlib\Angle.cpp">
      <Filter>program\game\TPRlib</Filter>
    </ClCompile>
    <ClCompile Include="program\game\TPRlib\Astar.cpp">
      <Filter>program\game\TPRlib</Filter>
    </ClCompile>
    <ClCompile Include="program\game\TPRlib\Collision.cpp">
      <Filter>program\game\TPRlib</Filter>
    </ClCompile>
    <ClCompile Include="program\game\TPRlib\Color.cpp">
      <Filter>program\game\TPRlib</Filter>
    </ClCompile>
    <ClCompile Include="program\game\TPRlib\Coroutine.cpp">
      <Filter>program\game\TPRlib</Filter>
    </ClCompile>
    <ClCompile Include="program\game\TPRlib\Line.cpp">
      <Filter>program\game\TPRlib</Filter>
    </ClCompile>
  </ItemGroup>
  <ItemGroup>
    <ClInclude Include="program\support\FrameRateController.h">
      <Filter>program\support</Filter>
    </ClInclude>
    <ClInclude Include="program\support\Support.h">
      <Filter>program\support</Filter>
    </ClInclude>
    <ClInclude Include="program\support\bitmap.h">
      <Filter>program\support</Filter>
    </ClInclude>
    <ClInclude Include="program\library\font.h">
      <Filter>program\library</Filter>
    </ClInclude>
    <ClInclude Include="program\library\t2klib.h">
      <Filter>program\library</Filter>
    </ClInclude>
    <ClInclude Include="program\library\transform.h">
      <Filter>program\library</Filter>
    </ClInclude>
    <ClInclude Include="program\library\util.h">
      <Filter>program\library</Filter>
    </ClInclude>
    <ClInclude Include="program\library\wrap.h">
      <Filter>program\library</Filter>
    </ClInclude>
    <ClInclude Include="program\library\timer_callback.h">
      <Filter>program\library</Filter>
    </ClInclude>
    <ClInclude Include="program\library\sequence.h">
      <Filter>program\library</Filter>
    </ClInclude>
    <ClInclude Include="program\library\input.h">
      <Filter>program\library</Filter>
    </ClInclude>
    <ClInclude Include="program\library\texture.h">
      <Filter>program\library</Filter>
    </ClInclude>
    <ClInclude Include="program\library\shared_factory.h">
      <Filter>program\library</Filter>
    </ClInclude>
    <ClInclude Include="program\library\matrix.h">
      <Filter>program\library</Filter>
    </ClInclude>
    <ClInclude Include="program\library\quaternion.h">
      <Filter>program\library</Filter>
    </ClInclude>
    <ClInclude Include="program\library\vector.h">
      <Filter>program\library</Filter>
    </ClInclude>
    <ClInclude Include="program\library\shared_flyweight_map.h">
      <Filter>program\library</Filter>
    </ClInclude>
    <ClInclude Include="program\library\timer_fluct.h">
      <Filter>program\library</Filter>
    </ClInclude>
    <ClInclude Include="program\library\intersect.h">
      <Filter>program\library</Filter>
    </ClInclude>
    <ClInclude Include="program\game\game_main.h">
      <Filter>program\game</Filter>
    </ClInclude>
    <ClInclude Include="program\support\dx_lib_ext.h">
      <Filter>program\support</Filter>
    </ClInclude>
    <ClInclude Include="program\library\math.h">
      <Filter>program\library</Filter>
    </ClInclude>
    <ClInclude Include="program\library\bounding.h">
      <Filter>program\library</Filter>
    </ClInclude>
    <ClInclude Include="program\library\shape.h">
      <Filter>program\library</Filter>
    </ClInclude>
    <ClInclude Include="program\library\link_linear.h">
      <Filter>program\library</Filter>
    </ClInclude>
    <ClInclude Include="program\library\hierarchy_tree.h">
      <Filter>program\library</Filter>
    </ClInclude>
    <ClInclude Include="program\game\Scene.h">
      <Filter>program\game\my_scene</Filter>
    </ClInclude>
    <ClInclude Include="program\game\Bullet.h">
      <Filter>program\game\my_main</Filter>
    </ClInclude>
    <ClInclude Include="program\game\CharaObj.h">
      <Filter>program\game\my_main</Filter>
    </ClInclude>
    <ClInclude Include="program\game\Enemy.h">
      <Filter>program\game\my_main</Filter>
    </ClInclude>
    <ClInclude Include="program\game\Object.h">
      <Filter>program\game\my_main</Filter>
    </ClInclude>
    <ClInclude Include="program\game\Player.h">
      <Filter>program\game\my_main</Filter>
    </ClInclude>
    <ClInclude Include="program\game\PlayScene.h">
      <Filter>program\game\my_scene</Filter>
    </ClInclude>
    <ClInclude Include="program\game\TitleScene.h">
      <Filter>program\game\my_scene</Filter>
    </ClInclude>
    <ClInclude Include="program\game\MenuScene.h">
      <Filter>program\game\my_scene</Filter>
    </ClInclude>
    <ClInclude Include="program\game\GameManager.h">
      <Filter>program\game\my_system</Filter>
    </ClInclude>
    <ClInclude Include="program\game\ResultScene.h">
      <Filter>program\game\my_scene</Filter>
    </ClInclude>
    <ClInclude Include="program\game\Square.h">
      <Filter>program\game\my_main</Filter>
    </ClInclude>
    <ClInclude Include="program\game\Camera.h">
      <Filter>program\game\my_system</Filter>
    </ClInclude>
    <ClInclude Include="program\game\Scroll.h">
      <Filter>program\game\my_skill</Filter>
    </ClInclude>
    <ClInclude Include="program\game\KAGINAWA.h">
      <Filter>program\game\my_skill</Filter>
    </ClInclude>
    <ClInclude Include="program\game\NINTOU.h">
      <Filter>program\game\my_skill</Filter>
    </ClInclude>
    <ClInclude Include="program\game\TORINOKO.h">
      <Filter>program\game\my_skill</Filter>
    </ClInclude>
    <ClInclude Include="program\game\KAKUREMI.h">
      <Filter>program\game\my_skill</Filter>
    </ClInclude>
    <ClInclude Include="program\game\KUNAI.h">
      <Filter>program\game\my_skill</Filter>
    </ClInclude>
    <ClInclude Include="program\game\BLINK.h">
      <Filter>program\game\my_skill</Filter>
    </ClInclude>
    <ClInclude Include="program\game\SHOTGUN.h">
      <Filter>program\game\my_skill</Filter>
    </ClInclude>
    <ClInclude Include="program\game\MAKIBISI.h">
      <Filter>program\game\my_skill</Filter>
    </ClInclude>
    <ClInclude Include="program\game\TEPPO.h">
      <Filter>program\game\my_skill</Filter>
    </ClInclude>
    <ClInclude Include="program\game\Skill.h">
      <Filter>program\game\my_skill</Filter>
    </ClInclude>
    <ClInclude Include="program\game\TPRlib\Line.h">
      <Filter>program\game\TPRlib</Filter>
    </ClInclude>
    <ClInclude Include="program\game\TPRlib\Node.h">
      <Filter>program\game\TPRlib</Filter>
    </ClInclude>
    <ClInclude Include="program\game\TPRlib\Quadrilateral.h">
      <Filter>program\game\TPRlib</Filter>
    </ClInclude>
    <ClInclude Include="program\game\TPRlib\Rotation.h">
      <Filter>program\game\TPRlib</Filter>
    </ClInclude>
    <ClInclude Include="program\game\TPRlib\tpr_library.h">
      <Filter>program\game\TPRlib</Filter>
    </ClInclude>
    <ClInclude Include="program\game\TPRlib\Vector2.h">
      <Filter>program\game\TPRlib</Filter>
    </ClInclude>
    <ClInclude Include="program\game\TPRlib\Vector2_int.h">
      <Filter>program\game\TPRlib</Filter>
    </ClInclude>
    <ClInclude Include="program\game\TPRlib\Angle.h">
      <Filter>program\game\TPRlib</Filter>
    </ClInclude>
    <ClInclude Include="program\game\TPRlib\Astar.h">
      <Filter>program\game\TPRlib</Filter>
    </ClInclude>
    <ClInclude Include="program\game\TPRlib\Collision.h">
      <Filter>program\game\TPRlib</Filter>
    </ClInclude>
    <ClInclude Include="program\game\TPRlib\Color.h">
      <Filter>program\game\TPRlib</Filter>
    </ClInclude>
    <ClInclude Include="program\game\TPRlib\Coroutine.h">
      <Filter>program\game\TPRlib</Filter>
    </ClInclude>
  </ItemGroup>
</Project>